
Microsoft Visual Studio Solution File, Format Version 12.00
# Visual Studio Version 17
VisualStudioVersion = 17.2.32616.157
MinimumVisualStudioVersion = 10.0.40219.1
Project("{2150E333-8FDC-42A3-9474-1A3956D46DE8}") = "Hosts", "Hosts", "{CC0A7433-FBB7-4C15-88D3-FFC666237CEC}"
EndProject
Project("{9A19103F-16F7-4668-BE54-9A1E7A4F7556}") = "ApiDeMoedas", "src\ApiDeMoedas\ApiDeMoedas.csproj", "{A8659731-EBA3-40B0-BC6C-BF7F47DCE5DF}"
EndProject
Project("{2150E333-8FDC-42A3-9474-1A3956D46DE8}") = "Lib", "Lib", "{31DBDA9A-D0B9-43AA-A5C4-F1F69F767AE0}"
EndProject
Project("{2150E333-8FDC-42A3-9474-1A3956D46DE8}") = "App", "App", "{1FF147AC-FF82-40F0-AA85-B9CABD284AA5}"
EndProject
Project("{9A19103F-16F7-4668-BE54-9A1E7A4F7556}") = "Commands", "src\Commands\Commands.csproj", "{4AB2D286-08EC-4555-BDBC-FF5648F11E12}"
EndProject
Project("{9A19103F-16F7-4668-BE54-9A1E7A4F7556}") = "Infra", "src\Infra\Infra.csproj", "{812BD2FB-AAD8-4390-8B88-AC692571E9F4}"
EndProject
Project("{9A19103F-16F7-4668-BE54-9A1E7A4F7556}") = "Domain", "src\Domain\Domain.csproj", "{E389C1D4-F35E-48D6-B665-65EFD7AA44AC}"
EndProject
Project("{9A19103F-16F7-4668-BE54-9A1E7A4F7556}") = "Shared", "src\Shared\Shared.csproj", "{AC5232EC-84D8-480D-92C9-9FD8FA57FAA7}"
EndProject
Project("{9A19103F-16F7-4668-BE54-9A1E7A4F7556}") = "Integrations", "src\Integrations\Integrations.csproj", "{D5C3A5D5-C37A-4F78-A46A-B13B48FF46DE}"
EndProject
Project("{FAE04EC0-301F-11D3-BF4B-00C04F79EFBC}") = "Queries", "src\Queries\Queries.csproj", "{B0673922-7D61-4881-9C46-5EE6C8462F64}"
EndProject
Global
	GlobalSection(SolutionConfigurationPlatforms) = preSolution
		Debug|Any CPU = Debug|Any CPU
		Production|Any CPU = Production|Any CPU
		Release|Any CPU = Release|Any CPU
	EndGlobalSection
	GlobalSection(ProjectConfigurationPlatforms) = postSolution
		{A8659731-EBA3-40B0-BC6C-BF7F47DCE5DF}.Debug|Any CPU.ActiveCfg = Debug|Any CPU
		{A8659731-EBA3-40B0-BC6C-BF7F47DCE5DF}.Debug|Any CPU.Build.0 = Debug|Any CPU
		{A8659731-EBA3-40B0-BC6C-BF7F47DCE5DF}.Production|Any CPU.ActiveCfg = Production|Any CPU
		{A8659731-EBA3-40B0-BC6C-BF7F47DCE5DF}.Production|Any CPU.Build.0 = Production|Any CPU
		{A8659731-EBA3-40B0-BC6C-BF7F47DCE5DF}.Release|Any CPU.ActiveCfg = Release|Any CPU
		{A8659731-EBA3-40B0-BC6C-BF7F47DCE5DF}.Release|Any CPU.Build.0 = Release|Any CPU
		{4AB2D286-08EC-4555-BDBC-FF5648F11E12}.Debug|Any CPU.ActiveCfg = Debug|Any CPU
		{4AB2D286-08EC-4555-BDBC-FF5648F11E12}.Debug|Any CPU.Build.0 = Debug|Any CPU
		{4AB2D286-08EC-4555-BDBC-FF5648F11E12}.Production|Any CPU.ActiveCfg = Production|Any CPU
		{4AB2D286-08EC-4555-BDBC-FF5648F11E12}.Production|Any CPU.Build.0 = Production|Any CPU
		{4AB2D286-08EC-4555-BDBC-FF5648F11E12}.Release|Any CPU.ActiveCfg = Release|Any CPU
		{4AB2D286-08EC-4555-BDBC-FF5648F11E12}.Release|Any CPU.Build.0 = Release|Any CPU
		{812BD2FB-AAD8-4390-8B88-AC692571E9F4}.Debug|Any CPU.ActiveCfg = Debug|Any CPU
		{812BD2FB-AAD8-4390-8B88-AC692571E9F4}.Debug|Any CPU.Build.0 = Debug|Any CPU
		{812BD2FB-AAD8-4390-8B88-AC692571E9F4}.Production|Any CPU.ActiveCfg = Production|Any CPU
		{812BD2FB-AAD8-4390-8B88-AC692571E9F4}.Production|Any CPU.Build.0 = Production|Any CPU
		{812BD2FB-AAD8-4390-8B88-AC692571E9F4}.Release|Any CPU.ActiveCfg = Release|Any CPU
		{812BD2FB-AAD8-4390-8B88-AC692571E9F4}.Release|Any CPU.Build.0 = Release|Any CPU
		{E389C1D4-F35E-48D6-B665-65EFD7AA44AC}.Debug|Any CPU.ActiveCfg = Debug|Any CPU
		{E389C1D4-F35E-48D6-B665-65EFD7AA44AC}.Debug|Any CPU.Build.0 = Debug|Any CPU
		{E389C1D4-F35E-48D6-B665-65EFD7AA44AC}.Production|Any CPU.ActiveCfg = Production|Any CPU
		{E389C1D4-F35E-48D6-B665-65EFD7AA44AC}.Production|Any CPU.Build.0 = Production|Any CPU
		{E389C1D4-F35E-48D6-B665-65EFD7AA44AC}.Release|Any CPU.ActiveCfg = Release|Any CPU
		{E389C1D4-F35E-48D6-B665-65EFD7AA44AC}.Release|Any CPU.Build.0 = Release|Any CPU
		{AC5232EC-84D8-480D-92C9-9FD8FA57FAA7}.Debug|Any CPU.ActiveCfg = Debug|Any CPU
		{AC5232EC-84D8-480D-92C9-9FD8FA57FAA7}.Debug|Any CPU.Build.0 = Debug|Any CPU
		{AC5232EC-84D8-480D-92C9-9FD8FA57FAA7}.Production|Any CPU.ActiveCfg = Production|Any CPU
		{AC5232EC-84D8-480D-92C9-9FD8FA57FAA7}.Production|Any CPU.Build.0 = Production|Any CPU
		{AC5232EC-84D8-480D-92C9-9FD8FA57FAA7}.Release|Any CPU.ActiveCfg = Release|Any CPU
		{AC5232EC-84D8-480D-92C9-9FD8FA57FAA7}.Release|Any CPU.Build.0 = Release|Any CPU
		{D5C3A5D5-C37A-4F78-A46A-B13B48FF46DE}.Debug|Any CPU.ActiveCfg = Debug|Any CPU
		{D5C3A5D5-C37A-4F78-A46A-B13B48FF46DE}.Debug|Any CPU.Build.0 = Debug|Any CPU
		{D5C3A5D5-C37A-4F78-A46A-B13B48FF46DE}.Production|Any CPU.ActiveCfg = Production|Any CPU
		{D5C3A5D5-C37A-4F78-A46A-B13B48FF46DE}.Production|Any CPU.Build.0 = Production|Any CPU
		{D5C3A5D5-C37A-4F78-A46A-B13B48FF46DE}.Release|Any CPU.ActiveCfg = Release|Any CPU
		{D5C3A5D5-C37A-4F78-A46A-B13B48FF46DE}.Release|Any CPU.Build.0 = Release|Any CPU
		{B0673922-7D61-4881-9C46-5EE6C8462F64}.Debug|Any CPU.ActiveCfg = Debug|Any CPU
		{B0673922-7D61-4881-9C46-5EE6C8462F64}.Debug|Any CPU.Build.0 = Debug|Any CPU
		{B0673922-7D61-4881-9C46-5EE6C8462F64}.Production|Any CPU.ActiveCfg = Debug|Any CPU
		{B0673922-7D61-4881-9C46-5EE6C8462F64}.Production|Any CPU.Build.0 = Debug|Any CPU
		{B0673922-7D61-4881-9C46-5EE6C8462F64}.Release|Any CPU.ActiveCfg = Release|Any CPU
		{B0673922-7D61-4881-9C46-5EE6C8462F64}.Release|Any CPU.Build.0 = Release|Any CPU
	EndGlobalSection
	GlobalSection(SolutionProperties) = preSolution
		HideSolutionNode = FALSE
	EndGlobalSection
	GlobalSection(NestedProjects) = preSolution
		{A8659731-EBA3-40B0-BC6C-BF7F47DCE5DF} = {CC0A7433-FBB7-4C15-88D3-FFC666237CEC}
		{1FF147AC-FF82-40F0-AA85-B9CABD284AA5} = {31DBDA9A-D0B9-43AA-A5C4-F1F69F767AE0}
		{4AB2D286-08EC-4555-BDBC-FF5648F11E12} = {1FF147AC-FF82-40F0-AA85-B9CABD284AA5}
		{812BD2FB-AAD8-4390-8B88-AC692571E9F4} = {31DBDA9A-D0B9-43AA-A5C4-F1F69F767AE0}
		{E389C1D4-F35E-48D6-B665-65EFD7AA44AC} = {31DBDA9A-D0B9-43AA-A5C4-F1F69F767AE0}
		{AC5232EC-84D8-480D-92C9-9FD8FA57FAA7} = {31DBDA9A-D0B9-43AA-A5C4-F1F69F767AE0}
		{D5C3A5D5-C37A-4F78-A46A-B13B48FF46DE} = {31DBDA9A-D0B9-43AA-A5C4-F1F69F767AE0}
		{B0673922-7D61-4881-9C46-5EE6C8462F64} = {1FF147AC-FF82-40F0-AA85-B9CABD284AA5}
	EndGlobalSection
	GlobalSection(ExtensibilityGlobals) = postSolution
		SolutionGuid = {F7BA3EC7-8507-4DE6-A2F4-DA3E9B189804}
	EndGlobalSection
EndGlobal
